
Microsoft Visual Studio Solution File, Format Version 12.00
# Visual Studio Version 17
VisualStudioVersion = 17.13.35913.81 d17.13
MinimumVisualStudioVersion = 10.0.40219.1
Project("{FAE04EC0-301F-11D3-BF4B-00C04F79EFBC}") = "Module2BaiSo10_NguyenThanhVung", "Module2BaiSo10_NguyenThanhVung\Module2BaiSo10_NguyenThanhVung.csproj", "{FADAF2A9-3EEE-4743-896A-5B332EBF7153}"
EndProject
Global
	GlobalSection(SolutionConfigurationPlatforms) = preSolution
		Debug|Any CPU = Debug|Any CPU
		Release|Any CPU = Release|Any CPU
	EndGlobalSection
	GlobalSection(ProjectConfigurationPlatforms) = postSolution
		{FADAF2A9-3EEE-4743-896A-5B332EBF7153}.Debug|Any CPU.ActiveCfg = Debug|Any CPU
		{FADAF2A9-3EEE-4743-896A-5B332EBF7153}.Debug|Any CPU.Build.0 = Debug|Any CPU
		{FADAF2A9-3EEE-4743-896A-5B332EBF7153}.Release|Any CPU.ActiveCfg = Release|Any CPU
		{FADAF2A9-3EEE-4743-896A-5B332EBF7153}.Release|Any CPU.Build.0 = Release|Any CPU
	EndGlobalSection
	GlobalSection(SolutionProperties) = preSolution
		HideSolutionNode = FALSE
	EndGlobalSection
	GlobalSection(ExtensibilityGlobals) = postSolution
		SolutionGuid = {0F99240E-E892-491A-AD45-0DF331F198E9}
	EndGlobalSection
EndGlobal
