
Microsoft Visual Studio Solution File, Format Version 12.00
# Visual Studio Version 17
VisualStudioVersion = 17.13.35913.81 d17.13
MinimumVisualStudioVersion = 10.0.40219.1
Project("{FAE04EC0-301F-11D3-BF4B-00C04F79EFBC}") = "Module2BaiSo3_NguyenThanhVung", "Module2BaiSo3_NguyenThanhVung\Module2BaiSo3_NguyenThanhVung.csproj", "{7D631867-D01B-41C3-ADFB-0C7FCAC3A062}"
EndProject
Global
	GlobalSection(SolutionConfigurationPlatforms) = preSolution
		Debug|Any CPU = Debug|Any CPU
		Release|Any CPU = Release|Any CPU
	EndGlobalSection
	GlobalSection(ProjectConfigurationPlatforms) = postSolution
		{7D631867-D01B-41C3-ADFB-0C7FCAC3A062}.Debug|Any CPU.ActiveCfg = Debug|Any CPU
		{7D631867-D01B-41C3-ADFB-0C7FCAC3A062}.Debug|Any CPU.Build.0 = Debug|Any CPU
		{7D631867-D01B-41C3-ADFB-0C7FCAC3A062}.Release|Any CPU.ActiveCfg = Release|Any CPU
		{7D631867-D01B-41C3-ADFB-0C7FCAC3A062}.Release|Any CPU.Build.0 = Release|Any CPU
	EndGlobalSection
	GlobalSection(SolutionProperties) = preSolution
		HideSolutionNode = FALSE
	EndGlobalSection
	GlobalSection(ExtensibilityGlobals) = postSolution
		SolutionGuid = {D43C8F66-0588-4AE5-9E33-AC683AD0F9CF}
	EndGlobalSection
EndGlobal
