
Microsoft Visual Studio Solution File, Format Version 12.00
# Visual Studio Version 17
VisualStudioVersion = 17.13.35913.81 d17.13
MinimumVisualStudioVersion = 10.0.40219.1
Project("{FAE04EC0-301F-11D3-BF4B-00C04F79EFBC}") = "Module2BaiSo9_NguyenThanhVung", "Module2BaiSo9_NguyenThanhVung\Module2BaiSo9_NguyenThanhVung.csproj", "{21491EE1-C8E3-4848-AF05-9EF6C476BAB4}"
EndProject
Global
	GlobalSection(SolutionConfigurationPlatforms) = preSolution
		Debug|Any CPU = Debug|Any CPU
		Release|Any CPU = Release|Any CPU
	EndGlobalSection
	GlobalSection(ProjectConfigurationPlatforms) = postSolution
		{21491EE1-C8E3-4848-AF05-9EF6C476BAB4}.Debug|Any CPU.ActiveCfg = Debug|Any CPU
		{21491EE1-C8E3-4848-AF05-9EF6C476BAB4}.Debug|Any CPU.Build.0 = Debug|Any CPU
		{21491EE1-C8E3-4848-AF05-9EF6C476BAB4}.Release|Any CPU.ActiveCfg = Release|Any CPU
		{21491EE1-C8E3-4848-AF05-9EF6C476BAB4}.Release|Any CPU.Build.0 = Release|Any CPU
	EndGlobalSection
	GlobalSection(SolutionProperties) = preSolution
		HideSolutionNode = FALSE
	EndGlobalSection
	GlobalSection(ExtensibilityGlobals) = postSolution
		SolutionGuid = {897F0822-3E34-4FD7-A648-F9A3F6450EA6}
	EndGlobalSection
EndGlobal
