
Microsoft Visual Studio Solution File, Format Version 12.00
# Visual Studio Version 17
VisualStudioVersion = 17.13.35913.81 d17.13
MinimumVisualStudioVersion = 10.0.40219.1
Project("{FAE04EC0-301F-11D3-BF4B-00C04F79EFBC}") = "Module2BaiSo5_NguyenThanhVung", "Module2BaiSo5_NguyenThanhVung\Module2BaiSo5_NguyenThanhVung.csproj", "{18CBF4E6-094C-4E07-B7D6-E49E21F211D4}"
EndProject
Global
	GlobalSection(SolutionConfigurationPlatforms) = preSolution
		Debug|Any CPU = Debug|Any CPU
		Release|Any CPU = Release|Any CPU
	EndGlobalSection
	GlobalSection(ProjectConfigurationPlatforms) = postSolution
		{18CBF4E6-094C-4E07-B7D6-E49E21F211D4}.Debug|Any CPU.ActiveCfg = Debug|Any CPU
		{18CBF4E6-094C-4E07-B7D6-E49E21F211D4}.Debug|Any CPU.Build.0 = Debug|Any CPU
		{18CBF4E6-094C-4E07-B7D6-E49E21F211D4}.Release|Any CPU.ActiveCfg = Release|Any CPU
		{18CBF4E6-094C-4E07-B7D6-E49E21F211D4}.Release|Any CPU.Build.0 = Release|Any CPU
	EndGlobalSection
	GlobalSection(SolutionProperties) = preSolution
		HideSolutionNode = FALSE
	EndGlobalSection
	GlobalSection(ExtensibilityGlobals) = postSolution
		SolutionGuid = {F02F2F8E-7516-4E78-879C-DEF13D0DC843}
	EndGlobalSection
EndGlobal
