
Microsoft Visual Studio Solution File, Format Version 12.00
# Visual Studio Version 17
VisualStudioVersion = 17.13.35913.81 d17.13
MinimumVisualStudioVersion = 10.0.40219.1
Project("{FAE04EC0-301F-11D3-BF4B-00C04F79EFBC}") = "Module2BaiSo4_NguyenThanhVung", "Module2BaiSo4_NguyenThanhVung\Module2BaiSo4_NguyenThanhVung.csproj", "{5F7A2C45-E58D-4DF4-89D8-087B545633DC}"
EndProject
Global
	GlobalSection(SolutionConfigurationPlatforms) = preSolution
		Debug|Any CPU = Debug|Any CPU
		Release|Any CPU = Release|Any CPU
	EndGlobalSection
	GlobalSection(ProjectConfigurationPlatforms) = postSolution
		{5F7A2C45-E58D-4DF4-89D8-087B545633DC}.Debug|Any CPU.ActiveCfg = Debug|Any CPU
		{5F7A2C45-E58D-4DF4-89D8-087B545633DC}.Debug|Any CPU.Build.0 = Debug|Any CPU
		{5F7A2C45-E58D-4DF4-89D8-087B545633DC}.Release|Any CPU.ActiveCfg = Release|Any CPU
		{5F7A2C45-E58D-4DF4-89D8-087B545633DC}.Release|Any CPU.Build.0 = Release|Any CPU
	EndGlobalSection
	GlobalSection(SolutionProperties) = preSolution
		HideSolutionNode = FALSE
	EndGlobalSection
	GlobalSection(ExtensibilityGlobals) = postSolution
		SolutionGuid = {4D438F41-8037-41EE-B7ED-332C20C5EA4C}
	EndGlobalSection
EndGlobal
